
Microsoft Visual Studio Solution File, Format Version 12.00
# Visual Studio Version 16
VisualStudioVersion = 16.0.29728.190
MinimumVisualStudioVersion = 10.0.40219.1
Project("{FAE04EC0-301F-11D3-BF4B-00C04F79EFBC}") = "mate2", "mate2\mate2.csproj", "{7A2E6575-1D30-4E52-A7AA-5AC36EA52623}"
EndProject
Global
	GlobalSection(SolutionConfigurationPlatforms) = preSolution
		Debug|Any CPU = Debug|Any CPU
		Release|Any CPU = Release|Any CPU
	EndGlobalSection
	GlobalSection(ProjectConfigurationPlatforms) = postSolution
		{7A2E6575-1D30-4E52-A7AA-5AC36EA52623}.Debug|Any CPU.ActiveCfg = Debug|Any CPU
		{7A2E6575-1D30-4E52-A7AA-5AC36EA52623}.Debug|Any CPU.Build.0 = Debug|Any CPU
		{7A2E6575-1D30-4E52-A7AA-5AC36EA52623}.Release|Any CPU.ActiveCfg = Release|Any CPU
		{7A2E6575-1D30-4E52-A7AA-5AC36EA52623}.Release|Any CPU.Build.0 = Release|Any CPU
	EndGlobalSection
	GlobalSection(SolutionProperties) = preSolution
		HideSolutionNode = FALSE
	EndGlobalSection
	GlobalSection(ExtensibilityGlobals) = postSolution
		SolutionGuid = {0888B673-D3BC-4905-A2DB-10DD24C63EE7}
	EndGlobalSection
EndGlobal
